$ terraform apply -var-file=test.tfvars
data.template_file.group-startup-script: Refreshing state...
module.cloud-nat.random_string.name_suffix: Refreshing state... [id=zpqmkk]
tls_private_key.example: Refreshing state... [id=2039b5f7386fc672ceb31ec81a3dc03d37a1509c]
tls_self_signed_cert.example: Refreshing state... [id=134346034756655658748806019815267433730]
module.mig.data.google_compute_zones.available: Refreshing state...
module.mig_template.data.google_compute_image.image_family: Refreshing state...
module.gce-lb-http.google_compute_global_address.default[0]: Refreshing state... [id=projects/frontier-268910/global/addresses/ci-https-redirect-address]
google_compute_network.default: Refreshing state... [id=projects/frontier-268910/global/networks/default]
module.mig_template.data.google_compute_image.image: Refreshing state...
google_compute_router.default: Refreshing state... [id=projects/frontier-268910/regions/asia-south1/routers/lb-https-redirect-router]
google_compute_subnetwork.default: Refreshing state... [id=projects/frontier-268910/regions/asia-south1/subnetworks/default]
module.cloud-nat.google_compute_router_nat.main: Refreshing state... [id=frontier-268910/asia-south1/lb-https-redirect-router/cloud-nat-lb-https-redirect]
module.mig_template.google_compute_instance_template.tpl: Refreshing state... [id=projects/frontier-268910/global/instanceTemplates/default-20201209152025457700000001]
module.mig.google_compute_region_instance_group_manager.mig: Refreshing state... [id=projects/frontier-268910/regions/asia-south1/instanceGroupManagers/default-mig]
module.gce-lb-http.google_compute_firewall.default-hc[0]: Refreshing state... [id=projects/frontier-268910/global/firewalls/ci-https-redirect-hc-0]
module.gce-lb-http.google_compute_health_check.default["default"]: Refreshing state... [id=projects/frontier-268910/global/healthChecks/ci-https-redirect-hc-default]
module.gce-lb-http.google_compute_backend_service.default["default"]: Refreshing state... [id=projects/frontier-268910/global/backendServices/ci-https-redirect-backend-default]
module.gce-lb-http.google_compute_url_map.default[0]: Refreshing state... [id=projects/frontier-268910/global/urlMaps/ci-https-redirect-url-map]

An execution plan has been generated and is shown below.
Resource actions are indicated with the following symbols:
  + create
  ~ update in-place

Terraform will perform the following actions:

  # google_compute_ssl_certificate.example will be created
  + resource "google_compute_ssl_certificate" "example" {
      + certificate        = (sensitive value)
      + certificate_id     = (known after apply)
      + creation_timestamp = (known after apply)
      + id                 = (known after apply)
      + name               = "default-cert"
      + name_prefix        = (known after apply)
      + private_key        = (sensitive value)
      + project            = (known after apply)
      + self_link          = (known after apply)
    }

  # module.gce-lb-http.google_compute_backend_service.default["default"] will be created
  + resource "google_compute_backend_service" "default" {
      + affinity_cookie_ttl_sec         = (known after apply)
      + connection_draining_timeout_sec = (known after apply)
      + creation_timestamp              = (known after apply)
      + custom_request_headers          = (known after apply)
      + description                     = (known after apply)
      + enable_cdn                      = (known after apply)
      + fingerprint                     = (known after apply)
      + health_checks                   = (known after apply)
      + id                              = (known after apply)
      + load_balancing_scheme           = "EXTERNAL"
      + name                            = "ci-https-redirect-backend-default"
      + port_name                       = "http"
      + project                         = "frontier-268910"
      + protocol                        = "HTTP"
      + security_policy                 = (known after apply)
      + self_link                       = (known after apply)
      + session_affinity                = (known after apply)
      + timeout_sec                     = (known after apply)

      + backend {
          + balancing_mode               = (known after apply)
          + capacity_scaler              = (known after apply)
          + description                  = (known after apply)
          + group                        = (known after apply)
          + max_connections              = (known after apply)
          + max_connections_per_endpoint = (known after apply)
          + max_connections_per_instance = (known after apply)
          + max_rate                     = (known after apply)
          + max_rate_per_endpoint        = (known after apply)
          + max_rate_per_instance        = (known after apply)
          + max_utilization              = (known after apply)
        }

      + cdn_policy {
          + signed_url_cache_max_age_sec = (known after apply)

          + cache_key_policy {
              + include_host           = (known after apply)
              + include_protocol       = (known after apply)
              + include_query_string   = (known after apply)
              + query_string_blacklist = (known after apply)
              + query_string_whitelist = (known after apply)
            }
        }

      + iap {
          + oauth2_client_id            = (known after apply)
          + oauth2_client_secret        = (sensitive value)
          + oauth2_client_secret_sha256 = (sensitive value)
        }

      + log_config {
          + enable      = (known after apply)
          + sample_rate = (known after apply)
        }
    }

  # module.gce-lb-http.google_compute_global_forwarding_rule.http[0] will be created
  + resource "google_compute_global_forwarding_rule" "http" {
      + id                    = (known after apply)
      + ip_address            = "35.244.161.225"
      + ip_protocol           = (known after apply)
      + load_balancing_scheme = "EXTERNAL"
      + name                  = "ci-https-redirect"
      + port_range            = "80"
      + project               = "frontier-268910"
      + self_link             = (known after apply)
      + target                = (known after apply)
    }

  # module.gce-lb-http.google_compute_global_forwarding_rule.http_ipv6[0] will be created
  + resource "google_compute_global_forwarding_rule" "http_ipv6" {
      + id                    = (known after apply)
      + ip_address            = "2600:1901:0:d4e7::"
      + ip_protocol           = (known after apply)
      + load_balancing_scheme = "EXTERNAL"
      + name                  = "ci-https-redirect-ipv6-http"
      + port_range            = "80"
      + project               = "frontier-268910"
      + self_link             = (known after apply)
      + target                = (known after apply)
    }

  # module.gce-lb-http.google_compute_global_forwarding_rule.https[0] will be created
  + resource "google_compute_global_forwarding_rule" "https" {
      + id                    = (known after apply)
      + ip_address            = "35.244.161.225"
      + ip_protocol           = (known after apply)
      + load_balancing_scheme = "EXTERNAL"
      + name                  = "ci-https-redirect-https"
      + port_range            = "443"
      + project               = "frontier-268910"
      + self_link             = (known after apply)
      + target                = (known after apply)
    }

  # module.gce-lb-http.google_compute_global_forwarding_rule.https_ipv6[0] will be created
  + resource "google_compute_global_forwarding_rule" "https_ipv6" {
      + id                    = (known after apply)
      + ip_address            = "2600:1901:0:d4e7::"
      + ip_protocol           = (known after apply)
      + load_balancing_scheme = "EXTERNAL"
      + name                  = "ci-https-redirect-ipv6-https"
      + port_range            = "443"
      + project               = "frontier-268910"
      + self_link             = (known after apply)
      + target                = (known after apply)
    }

  # module.gce-lb-http.google_compute_health_check.default["default"] will be updated in-place
  ~ resource "google_compute_health_check" "default" {
        check_interval_sec  = 5
        creation_timestamp  = "2020-12-09T07:21:04.483-08:00"
        healthy_threshold   = 2
        id                  = "projects/frontier-268910/global/healthChecks/ci-https-redirect-hc-default"
        name                = "ci-https-redirect-hc-default"
        project             = "frontier-268910"
        self_link           = "https://www.googleapis.com/compute/v1/projects/frontier-268910/global/healthChecks/ci-https-redirect-hc-default"
        timeout_sec         = 5
        type                = "HTTP"
        unhealthy_threshold = 2

        http_health_check {
            port         = 80
            proxy_header = "NONE"
            request_path = "/"
        }

      + log_config {
          + enable = false
        }
    }

  # module.gce-lb-http.google_compute_target_http_proxy.default[0] will be created
  + resource "google_compute_target_http_proxy" "default" {
      + creation_timestamp = (known after apply)
      + id                 = (known after apply)
      + name               = "ci-https-redirect-http-proxy"
      + project            = "frontier-268910"
      + proxy_id           = (known after apply)
      + self_link          = (known after apply)
      + url_map            = (known after apply)
    }

  # module.gce-lb-http.google_compute_target_https_proxy.default[0] will be created
  + resource "google_compute_target_https_proxy" "default" {
      + creation_timestamp = (known after apply)
      + id                 = (known after apply)
      + name               = "ci-https-redirect-https-proxy"
      + project            = "frontier-268910"
      + proxy_id           = (known after apply)
      + quic_override      = "NONE"
      + self_link          = (known after apply)
      + ssl_certificates   = (known after apply)
      + url_map            = (known after apply)
    }

  # module.gce-lb-http.google_compute_url_map.default[0] will be created
  + resource "google_compute_url_map" "default" {
      + creation_timestamp = (known after apply)
      + default_service    = (known after apply)
      + fingerprint        = (known after apply)
      + id                 = (known after apply)
      + map_id             = (known after apply)
      + name               = "ci-https-redirect-url-map"
      + project            = "frontier-268910"
      + self_link          = (known after apply)
    }

  # module.gce-lb-http.google_compute_url_map.https_redirect[0] will be created
  + resource "google_compute_url_map" "https_redirect" {
      + creation_timestamp = (known after apply)
      + fingerprint        = (known after apply)
      + id                 = (known after apply)
      + map_id             = (known after apply)
      + name               = "ci-https-redirect-https-redirect"
      + project            = "frontier-268910"
      + self_link          = (known after apply)

      + default_url_redirect {
          + https_redirect         = true
          + redirect_response_code = "MOVED_PERMANENTLY_DEFAULT"
          + strip_query            = false
        }
    }

  # module.mig.google_compute_region_instance_group_manager.mig will be created
  + resource "google_compute_region_instance_group_manager" "mig" {
      + base_instance_name        = "default"
      + distribution_policy_zones = (known after apply)
      + fingerprint               = (known after apply)
      + id                        = (known after apply)
      + instance_group            = (known after apply)
      + name                      = "default-mig"
      + project                   = (known after apply)
      + region                    = "asia-south1"
      + self_link                 = (known after apply)
      + target_size               = 2
      + wait_for_instances        = false

      + auto_healing_policies {
          + initial_delay_sec = 0
        }

      + named_port {
          + name = "http"
          + port = 80
        }

      + update_policy {
          + instance_redistribution_type = (known after apply)
          + max_surge_fixed              = (known after apply)
          + max_surge_percent            = (known after apply)
          + max_unavailable_fixed        = (known after apply)
          + max_unavailable_percent      = (known after apply)
          + min_ready_sec                = (known after apply)
          + minimal_action               = (known after apply)
          + replacement_method           = (known after apply)
          + type                         = (known after apply)
        }

      + version {
          + instance_template = "https://www.googleapis.com/compute/beta/projects/frontier-268910/global/instanceTemplates/default-20201209152025457700000001"
          + name              = "default-mig-version-0"
        }
    }

Plan: 11 to add, 1 to change, 0 to destroy.

Do you want to perform these actions?
  Terraform will perform the actions described above.
  Only 'yes' will be accepted to approve.

  Enter a value: yes

google_compute_ssl_certificate.example: Creating...
module.mig.google_compute_region_instance_group_manager.mig: Creating...
module.gce-lb-http.google_compute_url_map.https_redirect[0]: Creating...
module.gce-lb-http.google_compute_url_map.https_redirect[0]: Creation complete after 7s [id=projects/frontier-268910/global/urlMaps/ci-https-redirect-https-redirect]
google_compute_ssl_certificate.example: Creation complete after 7s [id=projects/frontier-268910/global/sslCertificates/default-cert]
module.mig.google_compute_region_instance_group_manager.mig: Still creating... [10s elapsed]
module.mig.google_compute_region_instance_group_manager.mig: Still creating... [20s elapsed]
module.mig.google_compute_region_instance_group_manager.mig: Creation complete after 29s [id=projects/frontier-268910/regions/asia-south1/instanceGroupManagers/default-mig]
module.gce-lb-http.google_compute_health_check.default["default"]: Modifying... [id=projects/frontier-268910/global/healthChecks/ci-https-redirect-hc-default]
module.gce-lb-http.google_compute_health_check.default["default"]: Still modifying... [id=projects/frontier-268910/global/healthChecks/ci-https-redirect-hc-default, 10s elapsed]
module.gce-lb-http.google_compute_health_check.default["default"]: Modifications complete after 13s [id=projects/frontier-268910/global/healthChecks/ci-https-redirect-hc-default]
module.gce-lb-http.google_compute_backend_service.default["default"]: Creating...
module.gce-lb-http.google_compute_backend_service.default["default"]: Still creating... [10s elapsed]
module.gce-lb-http.google_compute_backend_service.default["default"]: Creation complete after 13s [id=projects/frontier-268910/global/backendServices/ci-https-redirect-backend-default]
module.gce-lb-http.google_compute_url_map.default[0]: Creating...
module.gce-lb-http.google_compute_url_map.default[0]: Creation complete after 2s [id=projects/frontier-268910/global/urlMaps/ci-https-redirect-url-map]
module.gce-lb-http.google_compute_target_https_proxy.default[0]: Creating...
module.gce-lb-http.google_compute_target_http_proxy.default[0]: Creating...
module.gce-lb-http.google_compute_target_https_proxy.default[0]: Still creating... [10s elapsed]
module.gce-lb-http.google_compute_target_http_proxy.default[0]: Still creating... [10s elapsed]
module.gce-lb-http.google_compute_target_https_proxy.default[0]: Creation complete after 13s [id=projects/frontier-268910/global/targetHttpsProxies/ci-https-redirect-https-proxy]
module.gce-lb-http.google_compute_global_forwarding_rule.https_ipv6[0]: Creating...
module.gce-lb-http.google_compute_global_forwarding_rule.https[0]: Creating...
module.gce-lb-http.google_compute_target_http_proxy.default[0]: Creation complete after 13s [id=projects/frontier-268910/global/targetHttpProxies/ci-https-redirect-http-proxy]
module.gce-lb-http.google_compute_global_forwarding_rule.http_ipv6[0]: Creating...
module.gce-lb-http.google_compute_global_forwarding_rule.http[0]: Creating...
module.gce-lb-http.google_compute_global_forwarding_rule.https[0]: Still creating... [10s elapsed]
module.gce-lb-http.google_compute_global_forwarding_rule.https_ipv6[0]: Still creating... [10s elapsed]
module.gce-lb-http.google_compute_global_forwarding_rule.http_ipv6[0]: Still creating... [10s elapsed]
module.gce-lb-http.google_compute_global_forwarding_rule.http[0]: Still creating... [10s elapsed]
module.gce-lb-http.google_compute_global_forwarding_rule.https_ipv6[0]: Creation complete after 12s [id=projects/frontier-268910/global/forwardingRules/ci-https-redirect-ipv6-https]
module.gce-lb-http.google_compute_global_forwarding_rule.http_ipv6[0]: Creation complete after 13s [id=projects/frontier-268910/global/forwardingRules/ci-https-redirect-ipv6-http]
module.gce-lb-http.google_compute_global_forwarding_rule.https[0]: Creation complete after 14s [id=projects/frontier-268910/global/forwardingRules/ci-https-redirect-https]
module.gce-lb-http.google_compute_global_forwarding_rule.http[0]: Creation complete after 14s [id=projects/frontier-268910/global/forwardingRules/ci-https-redirect]

Apply complete! Resources: 11 added, 1 changed, 0 destroyed.

Outputs:

backend_services = {
  "default" = {
    "affinity_cookie_ttl_sec" = 0
    "backend" = [
      {
        "balancing_mode" = "UTILIZATION"
        "capacity_scaler" = 1
        "description" = ""
        "group" = "https://www.googleapis.com/compute/v1/projects/frontier-268910/regions/asia-south1/instanceGroups/default-mig"
        "max_utilization" = 0.8
      },
    ]
    "cdn_policy" = []
    "circuit_breakers" = []
    "connection_draining_timeout_sec" = 300
    "consistent_hash" = []
    "creation_timestamp" = "2020-12-09T08:09:04.534-08:00"
    "description" = ""
    "enable_cdn" = false
    "fingerprint" = "AwGK6X9XLr8="
    "health_checks" = [
      "https://www.googleapis.com/compute/v1/projects/frontier-268910/global/healthChecks/ci-https-redirect-hc-default",
    ]
    "iap" = []
    "id" = "projects/frontier-268910/global/backendServices/ci-https-redirect-backend-default"
    "load_balancing_scheme" = "EXTERNAL"
    "locality_lb_policy" = ""
    "log_config" = []
    "name" = "ci-https-redirect-backend-default"
    "outlier_detection" = []
    "port_name" = "http"
    "project" = "frontier-268910"
    "protocol" = "HTTP"
    "security_policy" = ""
    "self_link" = "https://www.googleapis.com/compute/v1/projects/frontier-268910/global/backendServices/ci-https-redirect-backend-default"
    "session_affinity" = "NONE"
    "timeout_sec" = 10
  }
}
load-balancer-ip = 35.244.161.225
load-balancer-ipv6 = 2600:1901:0:d4e7::
